
Microsoft Visual Studio Solution File, Format Version 12.00
# Visual Studio Version 16
VisualStudioVersion = 16.0.30523.141
MinimumVisualStudioVersion = 10.0.40219.1
Project("{FAE04EC0-301F-11D3-BF4B-00C04F79EFBC}") = "DataAccess", "DataAccess\DataAccess.csproj", "{D5AD50E3-18D0-41A6-A719-2C46850A57AD}"
EndProject
Project("{FAE04EC0-301F-11D3-BF4B-00C04F79EFBC}") = "Business", "Business\Business.csproj", "{53F883C4-C9DA-42C5-8CFE-8746A8A8AE77}"
EndProject
Project("{FAE04EC0-301F-11D3-BF4B-00C04F79EFBC}") = "Entities", "Entities\Entities.csproj", "{AEABD12C-4DFD-4BC5-A8DC-B6F9B46D9820}"
EndProject
Project("{FAE04EC0-301F-11D3-BF4B-00C04F79EFBC}") = "ConsoleUI", "ConsoleUI\ConsoleUI.csproj", "{742DE0AA-0FC3-4EEC-8D47-BE9D3EE507DA}"
EndProject
Global
	GlobalSection(SolutionConfigurationPlatforms) = preSolution
		Debug|Any CPU = Debug|Any CPU
		Release|Any CPU = Release|Any CPU
	EndGlobalSection
	GlobalSection(ProjectConfigurationPlatforms) = postSolution
		{D5AD50E3-18D0-41A6-A719-2C46850A57AD}.Debug|Any CPU.ActiveCfg = Debug|Any CPU
		{D5AD50E3-18D0-41A6-A719-2C46850A57AD}.Debug|Any CPU.Build.0 = Debug|Any CPU
		{D5AD50E3-18D0-41A6-A719-2C46850A57AD}.Release|Any CPU.ActiveCfg = Release|Any CPU
		{D5AD50E3-18D0-41A6-A719-2C46850A57AD}.Release|Any CPU.Build.0 = Release|Any CPU
		{53F883C4-C9DA-42C5-8CFE-8746A8A8AE77}.Debug|Any CPU.ActiveCfg = Debug|Any CPU
		{53F883C4-C9DA-42C5-8CFE-8746A8A8AE77}.Debug|Any CPU.Build.0 = Debug|Any CPU
		{53F883C4-C9DA-42C5-8CFE-8746A8A8AE77}.Release|Any CPU.ActiveCfg = Release|Any CPU
		{53F883C4-C9DA-42C5-8CFE-8746A8A8AE77}.Release|Any CPU.Build.0 = Release|Any CPU
		{AEABD12C-4DFD-4BC5-A8DC-B6F9B46D9820}.Debug|Any CPU.ActiveCfg = Debug|Any CPU
		{AEABD12C-4DFD-4BC5-A8DC-B6F9B46D9820}.Debug|Any CPU.Build.0 = Debug|Any CPU
		{AEABD12C-4DFD-4BC5-A8DC-B6F9B46D9820}.Release|Any CPU.ActiveCfg = Release|Any CPU
		{AEABD12C-4DFD-4BC5-A8DC-B6F9B46D9820}.Release|Any CPU.Build.0 = Release|Any CPU
		{742DE0AA-0FC3-4EEC-8D47-BE9D3EE507DA}.Debug|Any CPU.ActiveCfg = Debug|Any CPU
		{742DE0AA-0FC3-4EEC-8D47-BE9D3EE507DA}.Debug|Any CPU.Build.0 = Debug|Any CPU
		{742DE0AA-0FC3-4EEC-8D47-BE9D3EE507DA}.Release|Any CPU.ActiveCfg = Release|Any CPU
		{742DE0AA-0FC3-4EEC-8D47-BE9D3EE507DA}.Release|Any CPU.Build.0 = Release|Any CPU
	EndGlobalSection
	GlobalSection(SolutionProperties) = preSolution
		HideSolutionNode = FALSE
	EndGlobalSection
	GlobalSection(ExtensibilityGlobals) = postSolution
		SolutionGuid = {4CE6F4AE-42F1-4E08-9D30-D3A4E66F2EC3}
	EndGlobalSection
EndGlobal
